
Microsoft Visual Studio Solution File, Format Version 12.00
# Visual Studio 15
VisualStudioVersion = 15.0.28010.2026
MinimumVisualStudioVersion = 10.0.40219.1
Project("{8BC9CEB8-8B4A-11D0-8D11-00A0C91BC942}") = "Seminar7", "Seminar7\Seminar7.vcxproj", "{EB16F7DA-85C3-4536-9C95-25B49166AEE0}"
EndProject
Global
	GlobalSection(SolutionConfigurationPlatforms) = preSolution
		Debug|x64 = Debug|x64
		Debug|x86 = Debug|x86
		Release|x64 = Release|x64
		Release|x86 = Release|x86
	EndGlobalSection
	GlobalSection(ProjectConfigurationPlatforms) = postSolution
		{EB16F7DA-85C3-4536-9C95-25B49166AEE0}.Debug|x64.ActiveCfg = Debug|x64
		{EB16F7DA-85C3-4536-9C95-25B49166AEE0}.Debug|x64.Build.0 = Debug|x64
		{EB16F7DA-85C3-4536-9C95-25B49166AEE0}.Debug|x86.ActiveCfg = Debug|Win32
		{EB16F7DA-85C3-4536-9C95-25B49166AEE0}.Debug|x86.Build.0 = Debug|Win32
		{EB16F7DA-85C3-4536-9C95-25B49166AEE0}.Release|x64.ActiveCfg = Release|x64
		{EB16F7DA-85C3-4536-9C95-25B49166AEE0}.Release|x64.Build.0 = Release|x64
		{EB16F7DA-85C3-4536-9C95-25B49166AEE0}.Release|x86.ActiveCfg = Release|Win32
		{EB16F7DA-85C3-4536-9C95-25B49166AEE0}.Release|x86.Build.0 = Release|Win32
	EndGlobalSection
	GlobalSection(SolutionProperties) = preSolution
		HideSolutionNode = FALSE
	EndGlobalSection
	GlobalSection(ExtensibilityGlobals) = postSolution
		SolutionGuid = {DF1F04AF-2421-4C41-AA74-BCF80A526458}
	EndGlobalSection
EndGlobal
